// !$*UTF8*$!
{
	archiveVersion = 1;
	classes = {
	};
	objectVersion = 50;
	objects = {

/* Begin PBXBuildFile section */
		138A719524D2207B004052D0 /* AppDelegate.swift in Sources */ = {isa = PBXBuildFile; fileRef = 138A719424D2207B004052D0 /* AppDelegate.swift */; };
		138A719724D2207B004052D0 /* SceneDelegate.swift in Sources */ = {isa = PBXBuildFile; fileRef = 138A719624D2207B004052D0 /* SceneDelegate.swift */; };
		138A719B24D2207D004052D0 /* Assets.xcassets in Resources */ = {isa = PBXBuildFile; fileRef = 138A719A24D2207D004052D0 /* Assets.xcassets */; };
		138A719E24D2207D004052D0 /* Preview Assets.xcassets in Resources */ = {isa = PBXBuildFile; fileRef = 138A719D24D2207D004052D0 /* Preview Assets.xcassets */; };
		138A71A124D2207D004052D0 /* LaunchScreen.storyboard in Resources */ = {isa = PBXBuildFile; fileRef = 138A719F24D2207D004052D0 /* LaunchScreen.storyboard */; };
		138A71AC24D2207D004052D0 /* XavierAppTests.swift in Sources */ = {isa = PBXBuildFile; fileRef = 138A71AB24D2207D004052D0 /* XavierAppTests.swift */; };
		138A71B724D2207D004052D0 /* XavierAppUITests.swift in Sources */ = {isa = PBXBuildFile; fileRef = 138A71B624D2207D004052D0 /* XavierAppUITests.swift */; };
		138A71CF24D220BE004052D0 /* menuView.swift in Sources */ = {isa = PBXBuildFile; fileRef = 138A71C424D220BD004052D0 /* menuView.swift */; };
		138A71D024D220BE004052D0 /* CarouselView.swift in Sources */ = {isa = PBXBuildFile; fileRef = 138A71C524D220BD004052D0 /* CarouselView.swift */; };
		138A71D124D220BE004052D0 /* OnboardingView.swift in Sources */ = {isa = PBXBuildFile; fileRef = 138A71C624D220BD004052D0 /* OnboardingView.swift */; };
		138A71D224D220BE004052D0 /* MotherView.swift in Sources */ = {isa = PBXBuildFile; fileRef = 138A71C724D220BD004052D0 /* MotherView.swift */; };
		138A71D324D220BE004052D0 /* UserSettings.swift in Sources */ = {isa = PBXBuildFile; fileRef = 138A71C824D220BD004052D0 /* UserSettings.swift */; };
		138A71D424D220BE004052D0 /* WebView.swift in Sources */ = {isa = PBXBuildFile; fileRef = 138A71C924D220BD004052D0 /* WebView.swift */; };
		138A71D524D220BE004052D0 /* studentView.swift in Sources */ = {isa = PBXBuildFile; fileRef = 138A71CA24D220BD004052D0 /* studentView.swift */; };
		138A71D624D220BE004052D0 /* ViewRouter.swift in Sources */ = {isa = PBXBuildFile; fileRef = 138A71CB24D220BE004052D0 /* ViewRouter.swift */; };
		138A71D724D220BE004052D0 /* backgroundView.swift in Sources */ = {isa = PBXBuildFile; fileRef = 138A71CC24D220BE004052D0 /* backgroundView.swift */; };
		138A71D824D220BE004052D0 /* cardView.swift in Sources */ = {isa = PBXBuildFile; fileRef = 138A71CD24D220BE004052D0 /* cardView.swift */; };
		138A71D924D220BE004052D0 /* parentView.swift in Sources */ = {isa = PBXBuildFile; fileRef = 138A71CE24D220BE004052D0 /* parentView.swift */; };
/* End PBXBuildFile section */

/* Begin PBXContainerItemProxy section */
		138A71A824D2207D004052D0 /* PBXContainerItemProxy */ = {
			isa = PBXContainerItemProxy;
			containerPortal = 138A718924D2207B004052D0 /* Project object */;
			proxyType = 1;
			remoteGlobalIDString = 138A719024D2207B004052D0;
			remoteInfo = XavierApp;
		};
		138A71B324D2207D004052D0 /* PBXContainerItemProxy */ = {
			isa = PBXContainerItemProxy;
			containerPortal = 138A718924D2207B004052D0 /* Project object */;
			proxyType = 1;
			remoteGlobalIDString = 138A719024D2207B004052D0;
			remoteInfo = XavierApp;
		};
/* End PBXContainerItemProxy section */

/* Begin PBXFileReference section */
		138A719124D2207B004052D0 /* XavierApp.app */ = {isa = PBXFileReference; explicitFileType = wrapper.application; includeInIndex = 0; path = XavierApp.app; sourceTree = BUILT_PRODUCTS_DIR; };
		138A719424D2207B004052D0 /* AppDelegate.swift */ = {isa = PBXFileReference; lastKnownFileType = sourcecode.swift; path = AppDelegate.swift; sourceTree = "<group>"; };
		138A719624D2207B004052D0 /* SceneDelegate.swift */ = {isa = PBXFileReference; lastKnownFileType = sourcecode.swift; path = SceneDelegate.swift; sourceTree = "<group>"; };
		138A719A24D2207D004052D0 /* Assets.xcassets */ = {isa = PBXFileReference; lastKnownFileType = folder.assetcatalog; path = Assets.xcassets; sourceTree = "<group>"; };
		138A719D24D2207D004052D0 /* Preview Assets.xcassets */ = {isa = PBXFileReference; lastKnownFileType = folder.assetcatalog; path = "Preview Assets.xcassets"; sourceTree = "<group>"; };
		138A71A024D2207D004052D0 /* Base */ = {isa = PBXFileReference; lastKnownFileType = file.storyboard; name = Base; path = Base.lproj/LaunchScreen.storyboard; sourceTree = "<group>"; };
		138A71A224D2207D004052D0 /* Info.plist */ = {isa = PBXFileReference; lastKnownFileType = text.plist.xml; path = Info.plist; sourceTree = "<group>"; };
		138A71A724D2207D004052D0 /* XavierAppTests.xctest */ = {isa = PBXFileReference; explicitFileType = wrapper.cfbundle; includeInIndex = 0; path = XavierAppTests.xctest; sourceTree = BUILT_PRODUCTS_DIR; };
		138A71AB24D2207D004052D0 /* XavierAppTests.swift */ = {isa = PBXFileReference; lastKnownFileType = sourcecode.swift; path = XavierAppTests.swift; sourceTree = "<group>"; };
		138A71AD24D2207D004052D0 /* Info.plist */ = {isa = PBXFileReference; lastKnownFileType = text.plist.xml; path = Info.plist; sourceTree = "<group>"; };
		138A71B224D2207D004052D0 /* XavierAppUITests.xctest */ = {isa = PBXFileReference; explicitFileType = wrapper.cfbundle; includeInIndex = 0; path = XavierAppUITests.xctest; sourceTree = BUILT_PRODUCTS_DIR; };
		138A71B624D2207D004052D0 /* XavierAppUITests.swift */ = {isa = PBXFileReference; lastKnownFileType = sourcecode.swift; path = XavierAppUITests.swift; sourceTree = "<group>"; };
		138A71B824D2207D004052D0 /* Info.plist */ = {isa = PBXFileReference; lastKnownFileType = text.plist.xml; path = Info.plist; sourceTree = "<group>"; };
		138A71C424D220BD004052D0 /* menuView.swift */ = {isa = PBXFileReference; fileEncoding = 4; lastKnownFileType = sourcecode.swift; path = menuView.swift; sourceTree = "<group>"; };
		138A71C524D220BD004052D0 /* CarouselView.swift */ = {isa = PBXFileReference; fileEncoding = 4; lastKnownFileType = sourcecode.swift; path = CarouselView.swift; sourceTree = "<group>"; };
		138A71C624D220BD004052D0 /* OnboardingView.swift */ = {isa = PBXFileReference; fileEncoding = 4; lastKnownFileType = sourcecode.swift; path = OnboardingView.swift; sourceTree = "<group>"; };
		138A71C724D220BD004052D0 /* MotherView.swift */ = {isa = PBXFileReference; fileEncoding = 4; lastKnownFileType = sourcecode.swift; path = MotherView.swift; sourceTree = "<group>"; };
		138A71C824D220BD004052D0 /* UserSettings.swift */ = {isa = PBXFileReference; fileEncoding = 4; lastKnownFileType = sourcecode.swift; path = UserSettings.swift; sourceTree = "<group>"; };
		138A71C924D220BD004052D0 /* WebView.swift */ = {isa = PBXFileReference; fileEncoding = 4; lastKnownFileType = sourcecode.swift; path = WebView.swift; sourceTree = "<group>"; };
		138A71CA24D220BD004052D0 /* studentView.swift */ = {isa = PBXFileReference; fileEncoding = 4; lastKnownFileType = sourcecode.swift; path = studentView.swift; sourceTree = "<group>"; };
		138A71CB24D220BE004052D0 /* ViewRouter.swift */ = {isa = PBXFileReference; fileEncoding = 4; lastKnownFileType = sourcecode.swift; path = ViewRouter.swift; sourceTree = "<group>"; };
		138A71CC24D220BE004052D0 /* backgroundView.swift */ = {isa = PBXFileReference; fileEncoding = 4; lastKnownFileType = sourcecode.swift; path = backgroundView.swift; sourceTree = "<group>"; };
		138A71CD24D220BE004052D0 /* cardView.swift */ = {isa = PBXFileReference; fileEncoding = 4; lastKnownFileType = sourcecode.swift; path = cardView.swift; sourceTree = "<group>"; };
		138A71CE24D220BE004052D0 /* parentView.swift */ = {isa = PBXFileReference; fileEncoding = 4; lastKnownFileType = sourcecode.swift; path = parentView.swift; sourceTree = "<group>"; };
/* End PBXFileReference section */

/* Begin PBXFrameworksBuildPhase section */
		138A718E24D2207B004052D0 /* Frameworks */ = {
			isa = PBXFrameworksBuildPhase;
			buildActionMask = 2147483647;
			files = (
			);
			runOnlyForDeploymentPostprocessing = 0;
		};
		138A71A424D2207D004052D0 /* Frameworks */ = {
			isa = PBXFrameworksBuildPhase;
			buildActionMask = 2147483647;
			files = (
			);
			runOnlyForDeploymentPostprocessing = 0;
		};
		138A71AF24D2207D004052D0 /* Frameworks */ = {
			isa = PBXFrameworksBuildPhase;
			buildActionMask = 2147483647;
			files = (
			);
			runOnlyForDeploymentPostprocessing = 0;
		};
/* End PBXFrameworksBuildPhase section */

/* Begin PBXGroup section */
		138A718824D2207B004052D0 = {
			isa = PBXGroup;
			children = (
				138A719324D2207B004052D0 /* XavierApp */,
				138A71AA24D2207D004052D0 /* XavierAppTests */,
				138A71B524D2207D004052D0 /* XavierAppUITests */,
				138A719224D2207B004052D0 /* Products */,
			);
			sourceTree = "<group>";
		};
		138A719224D2207B004052D0 /* Products */ = {
			isa = PBXGroup;
			children = (
				138A719124D2207B004052D0 /* XavierApp.app */,
				138A71A724D2207D004052D0 /* XavierAppTests.xctest */,
				138A71B224D2207D004052D0 /* XavierAppUITests.xctest */,
			);
			name = Products;
			sourceTree = "<group>";
		};
		138A719324D2207B004052D0 /* XavierApp */ = {
			isa = PBXGroup;
			children = (
				138A719424D2207B004052D0 /* AppDelegate.swift */,
				138A719624D2207B004052D0 /* SceneDelegate.swift */,
				138A719A24D2207D004052D0 /* Assets.xcassets */,
				138A719F24D2207D004052D0 /* LaunchScreen.storyboard */,
				138A71CC24D220BE004052D0 /* backgroundView.swift */,
				138A71CD24D220BE004052D0 /* cardView.swift */,
				138A71C524D220BD004052D0 /* CarouselView.swift */,
				138A71C424D220BD004052D0 /* menuView.swift */,
				138A71C724D220BD004052D0 /* MotherView.swift */,
				138A71C624D220BD004052D0 /* OnboardingView.swift */,
				138A71CE24D220BE004052D0 /* parentView.swift */,
				138A71CA24D220BD004052D0 /* studentView.swift */,
				138A71C824D220BD004052D0 /* UserSettings.swift */,
				138A71CB24D220BE004052D0 /* ViewRouter.swift */,
				138A71C924D220BD004052D0 /* WebView.swift */,
				138A71A224D2207D004052D0 /* Info.plist */,
				138A719C24D2207D004052D0 /* Preview Content */,
			);
			path = XavierApp;
			sourceTree = "<group>";
		};
		138A719C24D2207D004052D0 /* Preview Content */ = {
			isa = PBXGroup;
			children = (
				138A719D24D2207D004052D0 /* Preview Assets.xcassets */,
			);
			path = "Preview Content";
			sourceTree = "<group>";
		};
		138A71AA24D2207D004052D0 /* XavierAppTests */ = {
			isa = PBXGroup;
			children = (
				138A71AB24D2207D004052D0 /* XavierAppTests.swift */,
				138A71AD24D2207D004052D0 /* Info.plist */,
			);
			path = XavierAppTests;
			sourceTree = "<group>";
		};
		138A71B524D2207D004052D0 /* XavierAppUITests */ = {
			isa = PBXGroup;
			children = (
				138A71B624D2207D004052D0 /* XavierAppUITests.swift */,
				138A71B824D2207D004052D0 /* Info.plist */,
			);
			path = XavierAppUITests;
			sourceTree = "<group>";
		};
/* End PBXGroup section */

/* Begin PBXNativeTarget section */
		138A719024D2207B004052D0 /* XavierApp */ = {
			isa = PBXNativeTarget;
			buildConfigurationList = 138A71BB24D2207D004052D0 /* Build configuration list for PBXNativeTarget "XavierApp" */;
			buildPhases = (
				138A718D24D2207B004052D0 /* Sources */,
				138A718E24D2207B004052D0 /* Frameworks */,
				138A718F24D2207B004052D0 /* Resources */,
			);
			buildRules = (
			);
			dependencies = (
			);
			name = XavierApp;
			productName = XavierApp;
			productReference = 138A719124D2207B004052D0 /* XavierApp.app */;
			productType = "com.apple.product-type.application";
		};
		138A71A624D2207D004052D0 /* XavierAppTests */ = {
			isa = PBXNativeTarget;
			buildConfigurationList = 138A71BE24D2207D004052D0 /* Build configuration list for PBXNativeTarget "XavierAppTests" */;
			buildPhases = (
				138A71A324D2207D004052D0 /* Sources */,
				138A71A424D2207D004052D0 /* Frameworks */,
				138A71A524D2207D004052D0 /* Resources */,
			);
			buildRules = (
			);
			dependencies = (
				138A71A924D2207D004052D0 /* PBXTargetDependency */,
			);
			name = XavierAppTests;
			productName = XavierAppTests;
			productReference = 138A71A724D2207D004052D0 /* XavierAppTests.xctest */;
			productType = "com.apple.product-type.bundle.unit-test";
		};
		138A71B124D2207D004052D0 /* XavierAppUITests */ = {
			isa = PBXNativeTarget;
			buildConfigurationList = 138A71C124D2207D004052D0 /* Build configuration list for PBXNativeTarget "XavierAppUITests" */;
			buildPhases = (
				138A71AE24D2207D004052D0 /* Sources */,
				138A71AF24D2207D004052D0 /* Frameworks */,
				138A71B024D2207D004052D0 /* Resources */,
			);
			buildRules = (
			);
			dependencies = (
				138A71B424D2207D004052D0 /* PBXTargetDependency */,
			);
			name = XavierAppUITests;
			productName = XavierAppUITests;
			productReference = 138A71B224D2207D004052D0 /* XavierAppUITests.xctest */;
			productType = "com.apple.product-type.bundle.ui-testing";
		};
/* End PBXNativeTarget section */

/* Begin PBXProject section */
		138A718924D2207B004052D0 /* Project object */ = {
			isa = PBXProject;
			attributes = {
				LastSwiftUpdateCheck = 1200;
				LastUpgradeCheck = 1200;
				TargetAttributes = {
					138A719024D2207B004052D0 = {
						CreatedOnToolsVersion = 12.0;
					};
					138A71A624D2207D004052D0 = {
						CreatedOnToolsVersion = 12.0;
						TestTargetID = 138A719024D2207B004052D0;
					};
					138A71B124D2207D004052D0 = {
						CreatedOnToolsVersion = 12.0;
						TestTargetID = 138A719024D2207B004052D0;
					};
				};
			};
			buildConfigurationList = 138A718C24D2207B004052D0 /* Build configuration list for PBXProject "XavierApp" */;
			compatibilityVersion = "Xcode 9.3";
			developmentRegion = en;
			hasScannedForEncodings = 0;
			knownRegions = (
				en,
				Base,
			);
			mainGroup = 138A718824D2207B004052D0;
			productRefGroup = 138A719224D2207B004052D0 /* Products */;
			projectDirPath = "";
			projectRoot = "";
			targets = (
				138A719024D2207B004052D0 /* XavierApp */,
				138A71A624D2207D004052D0 /* XavierAppTests */,
				138A71B124D2207D004052D0 /* XavierAppUITests */,
			);
		};
/* End PBXProject section */

/* Begin PBXResourcesBuildPhase section */
		138A718F24D2207B004052D0 /* Resources */ = {
			isa = PBXResourcesBuildPhase;
			buildActionMask = 2147483647;
			files = (
				138A71A124D2207D004052D0 /* LaunchScreen.storyboard in Resources */,
				138A719E24D2207D004052D0 /* Preview Assets.xcassets in Resources */,
				138A719B24D2207D004052D0 /* Assets.xcassets in Resources */,
			);
			runOnlyForDeploymentPostprocessing = 0;
		};
		138A71A524D2207D004052D0 /* Resources */ = {
			isa = PBXResourcesBuildPhase;
			buildActionMask = 2147483647;
			files = (
			);
			runOnlyForDeploymentPostprocessing = 0;
		};
		138A71B024D2207D004052D0 /* Resources */ = {
			isa = PBXResourcesBuildPhase;
			buildActionMask = 2147483647;
			files = (
			);
			runOnlyForDeploymentPostprocessing = 0;
		};
/* End PBXResourcesBuildPhase section */

/* Begin PBXSourcesBuildPhase section */
		138A718D24D2207B004052D0 /* Sources */ = {
			isa = PBXSourcesBuildPhase;
			buildActionMask = 2147483647;
			files = (
				138A71CF24D220BE004052D0 /* menuView.swift in Sources */,
				138A71D424D220BE004052D0 /* WebView.swift in Sources */,
				138A71D724D220BE004052D0 /* backgroundView.swift in Sources */,
				138A71D224D220BE004052D0 /* MotherView.swift in Sources */,
				138A719524D2207B004052D0 /* AppDelegate.swift in Sources */,
				138A71D924D220BE004052D0 /* parentView.swift in Sources */,
				138A71D024D220BE004052D0 /* CarouselView.swift in Sources */,
				138A71D824D220BE004052D0 /* cardView.swift in Sources */,
				138A71D624D220BE004052D0 /* ViewRouter.swift in Sources */,
				138A71D524D220BE004052D0 /* studentView.swift in Sources */,
				138A71D324D220BE004052D0 /* UserSettings.swift in Sources */,
				138A71D124D220BE004052D0 /* OnboardingView.swift in Sources */,
				138A719724D2207B004052D0 /* SceneDelegate.swift in Sources */,
			);
			runOnlyForDeploymentPostprocessing = 0;
		};
		138A71A324D2207D004052D0 /* Sources */ = {
			isa = PBXSourcesBuildPhase;
			buildActionMask = 2147483647;
			files = (
				138A71AC24D2207D004052D0 /* XavierAppTests.swift in Sources */,
			);
			runOnlyForDeploymentPostprocessing = 0;
		};
		138A71AE24D2207D004052D0 /* Sources */ = {
			isa = PBXSourcesBuildPhase;
			buildActionMask = 2147483647;
			files = (
				138A71B724D2207D004052D0 /* XavierAppUITests.swift in Sources */,
			);
			runOnlyForDeploymentPostprocessing = 0;
		};
/* End PBXSourcesBuildPhase section */

/* Begin PBXTargetDependency section */
		138A71A924D2207D004052D0 /* PBXTargetDependency */ = {
			isa = PBXTargetDependency;
			target = 138A719024D2207B004052D0 /* XavierApp */;
			targetProxy = 138A71A824D2207D004052D0 /* PBXContainerItemProxy */;
		};
		138A71B424D2207D004052D0 /* PBXTargetDependency */ = {
			isa = PBXTargetDependency;
			target = 138A719024D2207B004052D0 /* XavierApp */;
			targetProxy = 138A71B324D2207D004052D0 /* PBXContainerItemProxy */;
		};
/* End PBXTargetDependency section */

/* Begin PBXVariantGroup section */
		138A719F24D2207D004052D0 /* LaunchScreen.storyboard */ = {
			isa = PBXVariantGroup;
			children = (
				138A71A024D2207D004052D0 /* Base */,
			);
			name = LaunchScreen.storyboard;
			sourceTree = "<group>";
		};
/* End PBXVariantGroup section */

/* Begin XCBuildConfiguration section */
		138A71B924D2207D004052D0 /* Debug */ = {
			isa = XCBuildConfiguration;
			buildSettings = {
				ALWAYS_SEARCH_USER_PATHS = NO;
				CLANG_ANALYZER_NONNULL = YES;
				CLANG_ANALYZER_NUMBER_OBJECT_CONVERSION = YES_AGGRESSIVE;
				CLANG_CXX_LANGUAGE_STANDARD = "gnu++14";
				CLANG_CXX_LIBRARY = "libc++";
				CLANG_ENABLE_MODULES = YES;
				CLANG_ENABLE_OBJC_ARC = YES;
				CLANG_ENABLE_OBJC_WEAK = YES;
				CLANG_WARN_BLOCK_CAPTURE_AUTORELEASING = YES;
				CLANG_WARN_BOOL_CONVERSION = YES;
				CLANG_WARN_COMMA = YES;
				CLANG_WARN_CONSTANT_CONVERSION = YES;
				CLANG_WARN_DEPRECATED_OBJC_IMPLEMENTATIONS = YES;
				CLANG_WARN_DIRECT_OBJC_ISA_USAGE = YES_ERROR;
				CLANG_WARN_DOCUMENTATION_COMMENTS = YES;
				CLANG_WARN_EMPTY_BODY = YES;
				CLANG_WARN_ENUM_CONVERSION = YES;
				CLANG_WARN_INFINITE_RECURSION = YES;
				CLANG_WARN_INT_CONVERSION = YES;
				CLANG_WARN_NON_LITERAL_NULL_CONVERSION = YES;
				CLANG_WARN_OBJC_IMPLICIT_RETAIN_SELF = YES;
				CLANG_WARN_OBJC_LITERAL_CONVERSION = YES;
				CLANG_WARN_OBJC_ROOT_CLASS = YES_ERROR;
				CLANG_WARN_QUOTED_INCLUDE_IN_FRAMEWORK_HEADER = YES;
				CLANG_WARN_RANGE_LOOP_ANALYSIS = YES;
				CLANG_WARN_STRICT_PROTOTYPES = YES;
				CLANG_WARN_SUSPICIOUS_MOVE = YES;
				CLANG_WARN_UNGUARDED_AVAILABILITY = YES_AGGRESSIVE;
				CLANG_WARN_UNREACHABLE_CODE = YES;
				CLANG_WARN__DUPLICATE_METHOD_MATCH = YES;
				COPY_PHASE_STRIP = NO;
				DEBUG_INFORMATION_FORMAT = dwarf;
				ENABLE_STRICT_OBJC_MSGSEND = YES;
				ENABLE_TESTABILITY = YES;
				GCC_C_LANGUAGE_STANDARD = gnu11;
				GCC_DYNAMIC_NO_PIC = NO;
				GCC_NO_COMMON_BLOCKS = YES;
				GCC_OPTIMIZATION_LEVEL = 0;
				GCC_PREPROCESSOR_DEFINITIONS = (
					"DEBUG=1",
					"$(inherited)",
				);
				GCC_WARN_64_TO_32_BIT_CONVERSION = YES;
				GCC_WARN_ABOUT_RETURN_TYPE = YES_ERROR;
				GCC_WARN_UNDECLARED_SELECTOR = YES;
				GCC_WARN_UNINITIALIZED_AUTOS = YES_AGGRESSIVE;
				GCC_WARN_UNUSED_FUNCTION = YES;
				GCC_WARN_UNUSED_VARIABLE = YES;
				IPHONEOS_DEPLOYMENT_TARGET = 14.0;
				MTL_ENABLE_DEBUG_INFO = INCLUDE_SOURCE;
				MTL_FAST_MATH = YES;
				ONLY_ACTIVE_ARCH = YES;
				SDKROOT = iphoneos;
				SWIFT_ACTIVE_COMPILATION_CONDITIONS = DEBUG;
				SWIFT_OPTIMIZATION_LEVEL = "-Onone";
			};
			name = Debug;
		};
		138A71BA24D2207D004052D0 /* Release */ = {
			isa = XCBuildConfiguration;
			buildSettings = {
				ALWAYS_SEARCH_USER_PATHS = NO;
				CLANG_ANALYZER_NONNULL = YES;
				CLANG_ANALYZER_NUMBER_OBJECT_CONVERSION = YES_AGGRESSIVE;
				CLANG_CXX_LANGUAGE_STANDARD = "gnu++14";
				CLANG_CXX_LIBRARY = "libc++";
				CLANG_ENABLE_MODULES = YES;
				CLANG_ENABLE_OBJC_ARC = YES;
				CLANG_ENABLE_OBJC_WEAK = YES;
				CLANG_WARN_BLOCK_CAPTURE_AUTORELEASING = YES;
				CLANG_WARN_BOOL_CONVERSION = YES;
				CLANG_WARN_COMMA = YES;
				CLANG_WARN_CONSTANT_CONVERSION = YES;
				CLANG_WARN_DEPRECATED_OBJC_IMPLEMENTATIONS = YES;
				CLANG_WARN_DIRECT_OBJC_ISA_USAGE = YES_ERROR;
				CLANG_WARN_DOCUMENTATION_COMMENTS = YES;
				CLANG_WARN_EMPTY_BODY = YES;
				CLANG_WARN_ENUM_CONVERSION = YES;
				CLANG_WARN_INFINITE_RECURSION = YES;
				CLANG_WARN_INT_CONVERSION = YES;
				CLANG_WARN_NON_LITERAL_NULL_CONVERSION = YES;
				CLANG_WARN_OBJC_IMPLICIT_RETAIN_SELF = YES;
				CLANG_WARN_OBJC_LITERAL_CONVERSION = YES;
				CLANG_WARN_OBJC_ROOT_CLASS = YES_ERROR;
				CLANG_WARN_QUOTED_INCLUDE_IN_FRAMEWORK_HEADER = YES;
				CLANG_WARN_RANGE_LOOP_ANALYSIS = YES;
				CLANG_WARN_STRICT_PROTOTYPES = YES;
				CLANG_WARN_SUSPICIOUS_MOVE = YES;
				CLANG_WARN_UNGUARDED_AVAILABILITY = YES_AGGRESSIVE;
				CLANG_WARN_UNREACHABLE_CODE = YES;
				CLANG_WARN__DUPLICATE_METHOD_MATCH = YES;
				COPY_PHASE_STRIP = NO;
				DEBUG_INFORMATION_FORMAT = "dwarf-with-dsym";
				ENABLE_NS_ASSERTIONS = NO;
				ENABLE_STRICT_OBJC_MSGSEND = YES;
				GCC_C_LANGUAGE_STANDARD = gnu11;
				GCC_NO_COMMON_BLOCKS = YES;
				GCC_WARN_64_TO_32_BIT_CONVERSION = YES;
				GCC_WARN_ABOUT_RETURN_TYPE = YES_ERROR;
				GCC_WARN_UNDECLARED_SELECTOR = YES;
				GCC_WARN_UNINITIALIZED_AUTOS = YES_AGGRESSIVE;
				GCC_WARN_UNUSED_FUNCTION = YES;
				GCC_WARN_UNUSED_VARIABLE = YES;
				IPHONEOS_DEPLOYMENT_TARGET = 14.0;
				MTL_ENABLE_DEBUG_INFO = NO;
				MTL_FAST_MATH = YES;
				SDKROOT = iphoneos;
				SWIFT_COMPILATION_MODE = wholemodule;
				SWIFT_OPTIMIZATION_LEVEL = "-O";
				VALIDATE_PRODUCT = YES;
			};
			name = Release;
		};
		138A71BC24D2207D004052D0 /* Debug */ = {
			isa = XCBuildConfiguration;
			buildSettings = {
				ASSETCATALOG_COMPILER_APPICON_NAME = AppIcon;
				ASSETCATALOG_COMPILER_GLOBAL_ACCENT_COLOR_NAME = AccentColor;
				CODE_SIGN_STYLE = Automatic;
				DEVELOPMENT_ASSET_PATHS = "\"XavierApp/Preview Content\"";
				DEVELOPMENT_TEAM = B9K3VJMSNM;
				ENABLE_PREVIEWS = YES;
				INFOPLIST_FILE = XavierApp/Info.plist;
				IPHONEOS_DEPLOYMENT_TARGET = 13.0;
				LD_RUNPATH_SEARCH_PATHS = (
					"$(inherited)",
					"@executable_path/Frameworks",
				);
				PRODUCT_BUNDLE_IDENTIFIER = cornette.XavierApp;
				PRODUCT_NAME = "$(TARGET_NAME)";
				SWIFT_VERSION = 5.0;
				TARGETED_DEVICE_FAMILY = "1,2";
			};
			name = Debug;
		};
		138A71BD24D2207D004052D0 /* Release */ = {
			isa = XCBuildConfiguration;
			buildSettings = {
				ASSETCATALOG_COMPILER_APPICON_NAME = AppIcon;
				ASSETCATALOG_COMPILER_GLOBAL_ACCENT_COLOR_NAME = AccentColor;
				CODE_SIGN_STYLE = Automatic;
				DEVELOPMENT_ASSET_PATHS = "\"XavierApp/Preview Content\"";
				DEVELOPMENT_TEAM = B9K3VJMSNM;
				ENABLE_PREVIEWS = YES;
				INFOPLIST_FILE = XavierApp/Info.plist;
				IPHONEOS_DEPLOYMENT_TARGET = 13.0;
				LD_RUNPATH_SEARCH_PATHS = (
					"$(inherited)",
					"@executable_path/Frameworks",
				);
				PRODUCT_BUNDLE_IDENTIFIER = cornette.XavierApp;
				PRODUCT_NAME = "$(TARGET_NAME)";
				SWIFT_VERSION = 5.0;
				TARGETED_DEVICE_FAMILY = "1,2";
			};
			name = Release;
		};
		138A71BF24D2207D004052D0 /* Debug */ = {
			isa = XCBuildConfiguration;
			buildSettings = {
				ALWAYS_EMBED_SWIFT_STANDARD_LIBRARIES = YES;
				BUNDLE_LOADER = "$(TEST_HOST)";
				CODE_SIGN_STYLE = Automatic;
				DEVELOPMENT_TEAM = B9K3VJMSNM;
				INFOPLIST_FILE = XavierAppTests/Info.plist;
				IPHONEOS_DEPLOYMENT_TARGET = 14.0;
				LD_RUNPATH_SEARCH_PATHS = (
					"$(inherited)",
					"@executable_path/Frameworks",
					"@loader_path/Frameworks",
				);
				PRODUCT_BUNDLE_IDENTIFIER = cornette.XavierAppTests;
				PRODUCT_NAME = "$(TARGET_NAME)";
				SWIFT_VERSION = 5.0;
				TARGETED_DEVICE_FAMILY = "1,2";
				TEST_HOST = "$(BUILT_PRODUCTS_DIR)/XavierApp.app/XavierApp";
			};
			name = Debug;
		};
		138A71C024D2207D004052D0 /* Release */ = {
			isa = XCBuildConfiguration;
			buildSettings = {
				ALWAYS_EMBED_SWIFT_STANDARD_LIBRARIES = YES;
				BUNDLE_LOADER = "$(TEST_HOST)";
				CODE_SIGN_STYLE = Automatic;
				DEVELOPMENT_TEAM = B9K3VJMSNM;
				INFOPLIST_FILE = XavierAppTests/Info.plist;
				IPHONEOS_DEPLOYMENT_TARGET = 14.0;
				LD_RUNPATH_SEARCH_PATHS = (
					"$(inherited)",
					"@executable_path/Frameworks",
					"@loader_path/Frameworks",
				);
				PRODUCT_BUNDLE_IDENTIFIER = cornette.XavierAppTests;
				PRODUCT_NAME = "$(TARGET_NAME)";
				SWIFT_VERSION = 5.0;
				TARGETED_DEVICE_FAMILY = "1,2";
				TEST_HOST = "$(BUILT_PRODUCTS_DIR)/XavierApp.app/XavierApp";
			};
			name = Release;
		};
		138A71C224D2207D004052D0 /* Debug */ = {
			isa = XCBuildConfiguration;
			buildSettings = {
				ALWAYS_EMBED_SWIFT_STANDARD_LIBRARIES = YES;
				CODE_SIGN_STYLE = Automatic;
				DEVELOPMENT_TEAM = B9K3VJMSNM;
				INFOPLIST_FILE = XavierAppUITests/Info.plist;
				LD_RUNPATH_SEARCH_PATHS = (
					"$(inherited)",
					"@executable_path/Frameworks",
					"@loader_path/Frameworks",
				);
				PRODUCT_BUNDLE_IDENTIFIER = cornette.XavierAppUITests;
				PRODUCT_NAME = "$(TARGET_NAME)";
				SWIFT_VERSION = 5.0;
				TARGETED_DEVICE_FAMILY = "1,2";
				TEST_TARGET_NAME = XavierApp;
			};
			name = Debug;
		};
		138A71C324D2207D004052D0 /* Release */ = {
			isa = XCBuildConfiguration;
			buildSettings = {
				ALWAYS_EMBED_SWIFT_STANDARD_LIBRARIES = YES;
				CODE_SIGN_STYLE = Automatic;
				DEVELOPMENT_TEAM = B9K3VJMSNM;
				INFOPLIST_FILE = XavierAppUITests/Info.plist;
				LD_RUNPATH_SEARCH_PATHS = (
					"$(inherited)",
					"@executable_path/Frameworks",
					"@loader_path/Frameworks",
				);
				PRODUCT_BUNDLE_IDENTIFIER = cornette.XavierAppUITests;
				PRODUCT_NAME = "$(TARGET_NAME)";
				SWIFT_VERSION = 5.0;
				TARGETED_DEVICE_FAMILY = "1,2";
				TEST_TARGET_NAME = XavierApp;
			};
			name = Release;
		};
/* End XCBuildConfiguration section */

/* Begin XCConfigurationList section */
		138A718C24D2207B004052D0 /* Build configuration list for PBXProject "XavierApp" */ = {
			isa = XCConfigurationList;
			buildConfigurations = (
				138A71B924D2207D004052D0 /* Debug */,
				138A71BA24D2207D004052D0 /* Release */,
			);
			defaultConfigurationIsVisible = 0;
			defaultConfigurationName = Release;
		};
		138A71BB24D2207D004052D0 /* Build configuration list for PBXNativeTarget "XavierApp" */ = {
			isa = XCConfigurationList;
			buildConfigurations = (
				138A71BC24D2207D004052D0 /* Debug */,
				138A71BD24D2207D004052D0 /* Release */,
			);
			defaultConfigurationIsVisible = 0;
			defaultConfigurationName = Release;
		};
		138A71BE24D2207D004052D0 /* Build configuration list for PBXNativeTarget "XavierAppTests" */ = {
			isa = XCConfigurationList;
			buildConfigurations = (
				138A71BF24D2207D004052D0 /* Debug */,
				138A71C024D2207D004052D0 /* Release */,
			);
			defaultConfigurationIsVisible = 0;
			defaultConfigurationName = Release;
		};
		138A71C124D2207D004052D0 /* Build configuration list for PBXNativeTarget "XavierAppUITests" */ = {
			isa = XCConfigurationList;
			buildConfigurations = (
				138A71C224D2207D004052D0 /* Debug */,
				138A71C324D2207D004052D0 /* Release */,
			);
			defaultConfigurationIsVisible = 0;
			defaultConfigurationName = Release;
		};
/* End XCConfigurationList section */
	};
	rootObject = 138A718924D2207B004052D0 /* Project object */;
}
